Microsoft Visual Studio Solution File, Format Version 12.00
# Visual Studio 15
Project("{8BC9CEB8-8B4A-11D0-8D11-00A0C91BC942}") = "ALL_BUILD", "ALL_BUILD.vcxproj", "{EBB304C9-794D-3D8B-8555-E57F573C03B1}"
	ProjectSection(ProjectDependencies) = postProject
		{2D2FFEC0-66F5-3190-A67D-5C645D9E9E4C} = {2D2FFEC0-66F5-3190-A67D-5C645D9E9E4C}
		{E2D3052C-0863-35E8-8A74-92998EA20469} = {E2D3052C-0863-35E8-8A74-92998EA20469}
		{A4F9DB75-8289-3234-A330-AF9B00214D2A} = {A4F9DB75-8289-3234-A330-AF9B00214D2A}
		{5C591288-664B-3858-B93A-6354538FB7A0} = {5C591288-664B-3858-B93A-6354538FB7A0}
		{3C4ACA71-EB85-3B65-9EAC-E6AB03C9EC0B} = {3C4ACA71-EB85-3B65-9EAC-E6AB03C9EC0B}
	EndProjectSection
EndProject
Project("{8BC9CEB8-8B4A-11D0-8D11-00A0C91BC942}") = "INSTALL", "INSTALL.vcxproj", "{8A6C6765-F5CE-3C65-BFC8-186701739D9E}"
	ProjectSection(ProjectDependencies) = postProject
		{EBB304C9-794D-3D8B-8555-E57F573C03B1} = {EBB304C9-794D-3D8B-8555-E57F573C03B1}
		{2D2FFEC0-66F5-3190-A67D-5C645D9E9E4C} = {2D2FFEC0-66F5-3190-A67D-5C645D9E9E4C}
	EndProjectSection
EndProject
Project("{8BC9CEB8-8B4A-11D0-8D11-00A0C91BC942}") = "ZERO_CHECK", "ZERO_CHECK.vcxproj", "{2D2FFEC0-66F5-3190-A67D-5C645D9E9E4C}"
	ProjectSection(ProjectDependencies) = postProject
	EndProjectSection
EndProject
Project("{8BC9CEB8-8B4A-11D0-8D11-00A0C91BC942}") = "glew", "glew.vcxproj", "{E2D3052C-0863-35E8-8A74-92998EA20469}"
	ProjectSection(ProjectDependencies) = postProject
		{2D2FFEC0-66F5-3190-A67D-5C645D9E9E4C} = {2D2FFEC0-66F5-3190-A67D-5C645D9E9E4C}
	EndProjectSection
EndProject
Project("{8BC9CEB8-8B4A-11D0-8D11-00A0C91BC942}") = "glew_s", "glew_s.vcxproj", "{A4F9DB75-8289-3234-A330-AF9B00214D2A}"
	ProjectSection(ProjectDependencies) = postProject
		{2D2FFEC0-66F5-3190-A67D-5C645D9E9E4C} = {2D2FFEC0-66F5-3190-A67D-5C645D9E9E4C}
	EndProjectSection
EndProject
Project("{8BC9CEB8-8B4A-11D0-8D11-00A0C91BC942}") = "glewinfo", "glewinfo.vcxproj", "{5C591288-664B-3858-B93A-6354538FB7A0}"
	ProjectSection(ProjectDependencies) = postProject
		{2D2FFEC0-66F5-3190-A67D-5C645D9E9E4C} = {2D2FFEC0-66F5-3190-A67D-5C645D9E9E4C}
		{E2D3052C-0863-35E8-8A74-92998EA20469} = {E2D3052C-0863-35E8-8A74-92998EA20469}
	EndProjectSection
EndProject
Project("{8BC9CEB8-8B4A-11D0-8D11-00A0C91BC942}") = "uninstall", "uninstall.vcxproj", "{7CF336C8-8D0F-31B4-AB59-830D8D73104B}"
	ProjectSection(ProjectDependencies) = postProject
		{2D2FFEC0-66F5-3190-A67D-5C645D9E9E4C} = {2D2FFEC0-66F5-3190-A67D-5C645D9E9E4C}
	EndProjectSection
EndProject
Project("{8BC9CEB8-8B4A-11D0-8D11-00A0C91BC942}") = "visualinfo", "visualinfo.vcxproj", "{3C4ACA71-EB85-3B65-9EAC-E6AB03C9EC0B}"
	ProjectSection(ProjectDependencies) = postProject
		{2D2FFEC0-66F5-3190-A67D-5C645D9E9E4C} = {2D2FFEC0-66F5-3190-A67D-5C645D9E9E4C}
		{E2D3052C-0863-35E8-8A74-92998EA20469} = {E2D3052C-0863-35E8-8A74-92998EA20469}
	EndProjectSection
EndProject
Global
	GlobalSection(SolutionConfigurationPlatforms) = preSolution
		Debug|Win32 = Debug|Win32
		Release|Win32 = Release|Win32
		MinSizeRel|Win32 = MinSizeRel|Win32
		RelWithDebInfo|Win32 = RelWithDebInfo|Win32
	EndGlobalSection
	GlobalSection(ProjectConfigurationPlatforms) = postSolution
		{EBB304C9-794D-3D8B-8555-E57F573C03B1}.Debug|Win32.ActiveCfg = Debug|Win32
		{EBB304C9-794D-3D8B-8555-E57F573C03B1}.Debug|Win32.Build.0 = Debug|Win32
		{EBB304C9-794D-3D8B-8555-E57F573C03B1}.Release|Win32.ActiveCfg = Release|Win32
		{EBB304C9-794D-3D8B-8555-E57F573C03B1}.Release|Win32.Build.0 = Release|Win32
		{EBB304C9-794D-3D8B-8555-E57F573C03B1}.MinSizeRel|Win32.ActiveCfg = MinSizeRel|Win32
		{EBB304C9-794D-3D8B-8555-E57F573C03B1}.MinSizeRel|Win32.Build.0 = MinSizeRel|Win32
		{EBB304C9-794D-3D8B-8555-E57F573C03B1}.RelWithDebInfo|Win32.ActiveCfg = RelWithDebInfo|Win32
		{EBB304C9-794D-3D8B-8555-E57F573C03B1}.RelWithDebInfo|Win32.Build.0 = RelWithDebInfo|Win32
		{8A6C6765-F5CE-3C65-BFC8-186701739D9E}.Debug|Win32.ActiveCfg = Debug|Win32
		{8A6C6765-F5CE-3C65-BFC8-186701739D9E}.Release|Win32.ActiveCfg = Release|Win32
		{8A6C6765-F5CE-3C65-BFC8-186701739D9E}.MinSizeRel|Win32.ActiveCfg = MinSizeRel|Win32
		{8A6C6765-F5CE-3C65-BFC8-186701739D9E}.RelWithDebInfo|Win32.ActiveCfg = RelWithDebInfo|Win32
		{2D2FFEC0-66F5-3190-A67D-5C645D9E9E4C}.Debug|Win32.ActiveCfg = Debug|Win32
		{2D2FFEC0-66F5-3190-A67D-5C645D9E9E4C}.Debug|Win32.Build.0 = Debug|Win32
		{2D2FFEC0-66F5-3190-A67D-5C645D9E9E4C}.Release|Win32.ActiveCfg = Release|Win32
		{2D2FFEC0-66F5-3190-A67D-5C645D9E9E4C}.Release|Win32.Build.0 = Release|Win32
		{2D2FFEC0-66F5-3190-A67D-5C645D9E9E4C}.MinSizeRel|Win32.ActiveCfg = MinSizeRel|Win32
		{2D2FFEC0-66F5-3190-A67D-5C645D9E9E4C}.MinSizeRel|Win32.Build.0 = MinSizeRel|Win32
		{2D2FFEC0-66F5-3190-A67D-5C645D9E9E4C}.RelWithDebInfo|Win32.ActiveCfg = RelWithDebInfo|Win32
		{2D2FFEC0-66F5-3190-A67D-5C645D9E9E4C}.RelWithDebInfo|Win32.Build.0 = RelWithDebInfo|Win32
		{E2D3052C-0863-35E8-8A74-92998EA20469}.Debug|Win32.ActiveCfg = Debug|Win32
		{E2D3052C-0863-35E8-8A74-92998EA20469}.Debug|Win32.Build.0 = Debug|Win32
		{E2D3052C-0863-35E8-8A74-92998EA20469}.Release|Win32.ActiveCfg = Release|Win32
		{E2D3052C-0863-35E8-8A74-92998EA20469}.Release|Win32.Build.0 = Release|Win32
		{E2D3052C-0863-35E8-8A74-92998EA20469}.MinSizeRel|Win32.ActiveCfg = MinSizeRel|Win32
		{E2D3052C-0863-35E8-8A74-92998EA20469}.MinSizeRel|Win32.Build.0 = MinSizeRel|Win32
		{E2D3052C-0863-35E8-8A74-92998EA20469}.RelWithDebInfo|Win32.ActiveCfg = RelWithDebInfo|Win32
		{E2D3052C-0863-35E8-8A74-92998EA20469}.RelWithDebInfo|Win32.Build.0 = RelWithDebInfo|Win32
		{A4F9DB75-8289-3234-A330-AF9B00214D2A}.Debug|Win32.ActiveCfg = Debug|Win32
		{A4F9DB75-8289-3234-A330-AF9B00214D2A}.Debug|Win32.Build.0 = Debug|Win32
		{A4F9DB75-8289-3234-A330-AF9B00214D2A}.Release|Win32.ActiveCfg = Release|Win32
		{A4F9DB75-8289-3234-A330-AF9B00214D2A}.Release|Win32.Build.0 = Release|Win32
		{A4F9DB75-8289-3234-A330-AF9B00214D2A}.MinSizeRel|Win32.ActiveCfg = MinSizeRel|Win32
		{A4F9DB75-8289-3234-A330-AF9B00214D2A}.MinSizeRel|Win32.Build.0 = MinSizeRel|Win32
		{A4F9DB75-8289-3234-A330-AF9B00214D2A}.RelWithDebInfo|Win32.ActiveCfg = RelWithDebInfo|Win32
		{A4F9DB75-8289-3234-A330-AF9B00214D2A}.RelWithDebInfo|Win32.Build.0 = RelWithDebInfo|Win32
		{5C591288-664B-3858-B93A-6354538FB7A0}.Debug|Win32.ActiveCfg = Debug|Win32
		{5C591288-664B-3858-B93A-6354538FB7A0}.Debug|Win32.Build.0 = Debug|Win32
		{5C591288-664B-3858-B93A-6354538FB7A0}.Release|Win32.ActiveCfg = Release|Win32
		{5C591288-664B-3858-B93A-6354538FB7A0}.Release|Win32.Build.0 = Release|Win32
		{5C591288-664B-3858-B93A-6354538FB7A0}.MinSizeRel|Win32.ActiveCfg = MinSizeRel|Win32
		{5C591288-664B-3858-B93A-6354538FB7A0}.MinSizeRel|Win32.Build.0 = MinSizeRel|Win32
		{5C591288-664B-3858-B93A-6354538FB7A0}.RelWithDebInfo|Win32.ActiveCfg = RelWithDebInfo|Win32
		{5C591288-664B-3858-B93A-6354538FB7A0}.RelWithDebInfo|Win32.Build.0 = RelWithDebInfo|Win32
		{7CF336C8-8D0F-31B4-AB59-830D8D73104B}.Debug|Win32.ActiveCfg = Debug|Win32
		{7CF336C8-8D0F-31B4-AB59-830D8D73104B}.Release|Win32.ActiveCfg = Release|Win32
		{7CF336C8-8D0F-31B4-AB59-830D8D73104B}.MinSizeRel|Win32.ActiveCfg = MinSizeRel|Win32
		{7CF336C8-8D0F-31B4-AB59-830D8D73104B}.RelWithDebInfo|Win32.ActiveCfg = RelWithDebInfo|Win32
		{3C4ACA71-EB85-3B65-9EAC-E6AB03C9EC0B}.Debug|Win32.ActiveCfg = Debug|Win32
		{3C4ACA71-EB85-3B65-9EAC-E6AB03C9EC0B}.Debug|Win32.Build.0 = Debug|Win32
		{3C4ACA71-EB85-3B65-9EAC-E6AB03C9EC0B}.Release|Win32.ActiveCfg = Release|Win32
		{3C4ACA71-EB85-3B65-9EAC-E6AB03C9EC0B}.Release|Win32.Build.0 = Release|Win32
		{3C4ACA71-EB85-3B65-9EAC-E6AB03C9EC0B}.MinSizeRel|Win32.ActiveCfg = MinSizeRel|Win32
		{3C4ACA71-EB85-3B65-9EAC-E6AB03C9EC0B}.MinSizeRel|Win32.Build.0 = MinSizeRel|Win32
		{3C4ACA71-EB85-3B65-9EAC-E6AB03C9EC0B}.RelWithDebInfo|Win32.ActiveCfg = RelWithDebInfo|Win32
		{3C4ACA71-EB85-3B65-9EAC-E6AB03C9EC0B}.RelWithDebInfo|Win32.Build.0 = RelWithDebInfo|Win32
	EndGlobalSection
	GlobalSection(ExtensibilityGlobals) = postSolution
		SolutionGuid = {0AF9F2EC-A496-39DF-98B6-58C2B2160A0B}
	EndGlobalSection
	GlobalSection(ExtensibilityAddIns) = postSolution
	EndGlobalSection
EndGlobal
